<?xml version="1.0" encoding="utf-8"?>
<Project ToolsVersion="4.0" xmlns="http://schemas.microsoft.com/developer/msbuild/2003">
  <ItemGroup>
    <Filter Include="Header Files">
      <UniqueIdentifier>{8330bee7-4ba3-48dc-b0f5-07c66303081c}</UniqueIdentifier>
      <Extensions>*.h</Extensions>
    </Filter>
  </ItemGroup>
  <ItemGroup>
    <ClInclude Include="AboutDlg.h">
      <Filter>Header Files</Filter>
    </ClInclude>
    <ClInclude Include="AddrPortDlg.h">
      <Filter>Header Files</Filter>
    </ClInclude>
    <ClInclude Include="AsyncClientWnd.h">
      <Filter>Header Files</Filter>
    </ClInclude>
    <ClInclude Include="ConsoleStatusReporter.h">
      <Filter>Header Files</Filter>
    </ClInclude>
    <ClInclude Include="Headsman.h">
      <Filter>Header Files</Filter>
    </ClInclude>
    <ClInclude Include="MainFrm.h">
      <Filter>Header Files</Filter>
    </ClInclude>
    <ClInclude Include="MFCConsoleApp.h">
      <Filter>Header Files</Filter>
    </ClInclude>
    <ClInclude Include="MFCConsoleDoc.h">
      <Filter>Header Files</Filter>
    </ClInclude>
    <ClInclude Include="NetworkDriver.h">
      <Filter>Header Files</Filter>
    </ClInclude>
    <ClInclude Include="StatusReporter.h">
      <Filter>Header Files</Filter>
    </ClInclude>
    <ClInclude Include="StdAfx.h">
      <Filter>Header Files</Filter>
    </ClInclude>
    <ClInclude Include="WindowsStatusReporter.h">
      <Filter>Header Files</Filter>
    </ClInclude>
    <ClInclude Include="ws-util.h">
      <Filter>Header Files</Filter>
    </ClInclude>
  </ItemGroup>
  <ItemGroup>
    <ClCompile Include="AboutDlg.cpp" />
    <ClCompile Include="AddrPortDlg.cpp" />
    <ClCompile Include="AsyncClientWnd.cpp" />
    <ClCompile Include="ConsoleStatusReporter.cpp" />
    <ClCompile Include="MainFrm.cpp" />
    <ClCompile Include="MFCConsoleApp.cpp" />
    <ClCompile Include="MFCConsoleDoc.cpp" />
    <ClCompile Include="MFCConsoleView.cpp" />
    <ClCompile Include="StatusReporter.cpp" />
    <ClCompile Include="StdAfx.cpp" />
    <ClCompile Include="WindowsStatusReporter.cpp" />
    <ClCompile Include="ws-util.cpp" />
  </ItemGroup>
  <ItemGroup>
    <ResourceCompile Include="MFCConsole.rc" />
  </ItemGroup>
  <ItemGroup>
    <CustomBuild Include="res\MFCConsole.ico" />
  </ItemGroup>
</Project>