
Microsoft Visual Studio Solution File, Format Version 11.00
# Visual Studio 2010
Project("{8BC9CEB8-8B4A-11D0-8D11-00A0C91BC942}") = "AsyncClient", "AsyncClient.vcxproj", "{993C41C7-0AC5-473A-DCEA-E683C5B4024A}"
EndProject
Global
	GlobalSection(SolutionConfigurationPlatforms) = preSolution
		Debug|Win32 = Debug|Win32
		Release|Win32 = Release|Win32
		Static Release|Win32 = Static Release|Win32
	EndGlobalSection
	GlobalSection(ProjectConfigurationPlatforms) = postSolution
		{993C41C7-0AC5-473A-DCEA-E683C5B4024A}.Debug|Win32.ActiveCfg = Debug|Win32
		{993C41C7-0AC5-473A-DCEA-E683C5B4024A}.Debug|Win32.Build.0 = Debug|Win32
		{993C41C7-0AC5-473A-DCEA-E683C5B4024A}.Release|Win32.ActiveCfg = Release|Win32
		{993C41C7-0AC5-473A-DCEA-E683C5B4024A}.Release|Win32.Build.0 = Release|Win32
		{993C41C7-0AC5-473A-DCEA-E683C5B4024A}.Static Release|Win32.ActiveCfg = Static Release|Win32
		{993C41C7-0AC5-473A-DCEA-E683C5B4024A}.Static Release|Win32.Build.0 = Static Release|Win32
	EndGlobalSection
	GlobalSection(SolutionProperties) = preSolution
		HideSolutionNode = FALSE
	EndGlobalSection
EndGlobal
